// !$*UTF8*$!
{
	archiveVersion = 1;
	classes = {
	};
	objectVersion = 55;
	objects = {

/* Begin PBXBuildFile section */
		7E6D3AC322E44AF85EAA2422 /* Pods_SwiftFlutterCalculator_SwiftFlutterCalculatorUITests.framework in Frameworks */ = {isa = PBXBuildFile; fileRef = A08AF2419062AB788CAA29AF /* Pods_SwiftFlutterCalculator_SwiftFlutterCalculatorUITests.framework */; };
		A44C8F7667E17FA1048FC2FB /* Pods_SwiftFlutterCalculatorTests.framework in Frameworks */ = {isa = PBXBuildFile; fileRef = C0ADBCB24D56C411A27E26AA /* Pods_SwiftFlutterCalculatorTests.framework */; };
		E604C3B728895FCA004A718B /* AppDelegate.swift in Sources */ = {isa = PBXBuildFile; fileRef = E604C3B628895FCA004A718B /* AppDelegate.swift */; };
		E604C3B928895FCA004A718B /* SceneDelegate.swift in Sources */ = {isa = PBXBuildFile; fileRef = E604C3B828895FCA004A718B /* SceneDelegate.swift */; };
		E604C3BB28895FCA004A718B /* ViewController.swift in Sources */ = {isa = PBXBuildFile; fileRef = E604C3BA28895FCA004A718B /* ViewController.swift */; };
		E604C3BE28895FCA004A718B /* Main.storyboard in Resources */ = {isa = PBXBuildFile; fileRef = E604C3BC28895FCA004A718B /* Main.storyboard */; };
		E604C3C028895FCC004A718B /* Assets.xcassets in Resources */ = {isa = PBXBuildFile; fileRef = E604C3BF28895FCC004A718B /* Assets.xcassets */; };
		E604C3C328895FCC004A718B /* LaunchScreen.storyboard in Resources */ = {isa = PBXBuildFile; fileRef = E604C3C128895FCC004A718B /* LaunchScreen.storyboard */; };
		E604C3CE28895FCC004A718B /* SwiftFlutterCalculatorTests.swift in Sources */ = {isa = PBXBuildFile; fileRef = E604C3CD28895FCC004A718B /* SwiftFlutterCalculatorTests.swift */; };
		E604C3D828895FCC004A718B /* SwiftFlutterCalculatorUITests.swift in Sources */ = {isa = PBXBuildFile; fileRef = E604C3D728895FCC004A718B /* SwiftFlutterCalculatorUITests.swift */; };
		E604C3DA28895FCC004A718B /* SwiftFlutterCalculatorUITestsLaunchTests.swift in Sources */ = {isa = PBXBuildFile; fileRef = E604C3D928895FCC004A718B /* SwiftFlutterCalculatorUITestsLaunchTests.swift */; };
		E62966BB289131BC008BF00B /* Pods_SwiftFlutterCalculator.framework in Frameworks */ = {isa = PBXBuildFile; fileRef = 97B0F1BE207C2F9B8D2B7267 /* Pods_SwiftFlutterCalculator.framework */; };
/* End PBXBuildFile section */

/* Begin PBXContainerItemProxy section */
		E604C3CA28895FCC004A718B /* PBXContainerItemProxy */ = {
			isa = PBXContainerItemProxy;
			containerPortal = E604C3AB28895FCA004A718B /* Project object */;
			proxyType = 1;
			remoteGlobalIDString = E604C3B228895FCA004A718B;
			remoteInfo = SwiftFlutterCalculator;
		};
		E604C3D428895FCC004A718B /* PBXContainerItemProxy */ = {
			isa = PBXContainerItemProxy;
			containerPortal = E604C3AB28895FCA004A718B /* Project object */;
			proxyType = 1;
			remoteGlobalIDString = E604C3B228895FCA004A718B;
			remoteInfo = SwiftFlutterCalculator;
		};
/* End PBXContainerItemProxy section */

/* Begin PBXFileReference section */
		1C94B27ADD932C9811EDB1E7 /* Pods-SwiftFlutterCalculatorTests.debug.xcconfig */ = {isa = PBXFileReference; includeInIndex = 1; lastKnownFileType = text.xcconfig; name = "Pods-SwiftFlutterCalculatorTests.debug.xcconfig"; path = "Target Support Files/Pods-SwiftFlutterCalculatorTests/Pods-SwiftFlutterCalculatorTests.debug.xcconfig"; sourceTree = "<group>"; };
		228F2E2E9A03EC6910496577 /* Pods-SwiftFlutterCalculatorTests.release.xcconfig */ = {isa = PBXFileReference; includeInIndex = 1; lastKnownFileType = text.xcconfig; name = "Pods-SwiftFlutterCalculatorTests.release.xcconfig"; path = "Target Support Files/Pods-SwiftFlutterCalculatorTests/Pods-SwiftFlutterCalculatorTests.release.xcconfig"; sourceTree = "<group>"; };
		3BA4595A413E754604572835 /* Pods-SwiftFlutterCalculator-SwiftFlutterCalculatorUITests.debug.xcconfig */ = {isa = PBXFileReference; includeInIndex = 1; lastKnownFileType = text.xcconfig; name = "Pods-SwiftFlutterCalculator-SwiftFlutterCalculatorUITests.debug.xcconfig"; path = "Target Support Files/Pods-SwiftFlutterCalculator-SwiftFlutterCalculatorUITests/Pods-SwiftFlutterCalculator-SwiftFlutterCalculatorUITests.debug.xcconfig"; sourceTree = "<group>"; };
		54BA1A0A314ECCE3B377002D /* Pods-SwiftFlutterCalculator-SwiftFlutterCalculatorUITests.release.xcconfig */ = {isa = PBXFileReference; includeInIndex = 1; lastKnownFileType = text.xcconfig; name = "Pods-SwiftFlutterCalculator-SwiftFlutterCalculatorUITests.release.xcconfig"; path = "Target Support Files/Pods-SwiftFlutterCalculator-SwiftFlutterCalculatorUITests/Pods-SwiftFlutterCalculator-SwiftFlutterCalculatorUITests.release.xcconfig"; sourceTree = "<group>"; };
		97B0F1BE207C2F9B8D2B7267 /* Pods_SwiftFlutterCalculator.framework */ = {isa = PBXFileReference; explicitFileType = wrapper.framework; includeInIndex = 0; path = Pods_SwiftFlutterCalculator.framework; sourceTree = BUILT_PRODUCTS_DIR; };
		A08AF2419062AB788CAA29AF /* Pods_SwiftFlutterCalculator_SwiftFlutterCalculatorUITests.framework */ = {isa = PBXFileReference; explicitFileType = wrapper.framework; includeInIndex = 0; path = Pods_SwiftFlutterCalculator_SwiftFlutterCalculatorUITests.framework; sourceTree = BUILT_PRODUCTS_DIR; };
		A69E4789D0CA28ED84983467 /* Pods-SwiftFlutterCalculator.release.xcconfig */ = {isa = PBXFileReference; includeInIndex = 1; lastKnownFileType = text.xcconfig; name = "Pods-SwiftFlutterCalculator.release.xcconfig"; path = "Target Support Files/Pods-SwiftFlutterCalculator/Pods-SwiftFlutterCalculator.release.xcconfig"; sourceTree = "<group>"; };
		B48D83C47B04564E59B1553C /* Pods-SwiftFlutterCalculator.debug.xcconfig */ = {isa = PBXFileReference; includeInIndex = 1; lastKnownFileType = text.xcconfig; name = "Pods-SwiftFlutterCalculator.debug.xcconfig"; path = "Target Support Files/Pods-SwiftFlutterCalculator/Pods-SwiftFlutterCalculator.debug.xcconfig"; sourceTree = "<group>"; };
		C0ADBCB24D56C411A27E26AA /* Pods_SwiftFlutterCalculatorTests.framework */ = {isa = PBXFileReference; explicitFileType = wrapper.framework; includeInIndex = 0; path = Pods_SwiftFlutterCalculatorTests.framework; sourceTree = BUILT_PRODUCTS_DIR; };
		E604C3B328895FCA004A718B /* SwiftFlutterCalculator.app */ = {isa = PBXFileReference; explicitFileType = wrapper.application; includeInIndex = 0; path = SwiftFlutterCalculator.app; sourceTree = BUILT_PRODUCTS_DIR; };
		E604C3B628895FCA004A718B /* AppDelegate.swift */ = {isa = PBXFileReference; lastKnownFileType = sourcecode.swift; path = AppDelegate.swift; sourceTree = "<group>"; };
		E604C3B828895FCA004A718B /* SceneDelegate.swift */ = {isa = PBXFileReference; lastKnownFileType = sourcecode.swift; path = SceneDelegate.swift; sourceTree = "<group>"; };
		E604C3BA28895FCA004A718B /* ViewController.swift */ = {isa = PBXFileReference; lastKnownFileType = sourcecode.swift; path = ViewController.swift; sourceTree = "<group>"; };
		E604C3BD28895FCA004A718B /* Base */ = {isa = PBXFileReference; lastKnownFileType = file.storyboard; name = Base; path = Base.lproj/Main.storyboard; sourceTree = "<group>"; };
		E604C3BF28895FCC004A718B /* Assets.xcassets */ = {isa = PBXFileReference; lastKnownFileType = folder.assetcatalog; path = Assets.xcassets; sourceTree = "<group>"; };
		E604C3C228895FCC004A718B /* Base */ = {isa = PBXFileReference; lastKnownFileType = file.storyboard; name = Base; path = Base.lproj/LaunchScreen.storyboard; sourceTree = "<group>"; };
		E604C3C428895FCC004A718B /* Info-Debug.plist */ = {isa = PBXFileReference; lastKnownFileType = text.plist.xml; path = "Info-Debug.plist"; sourceTree = "<group>"; };
		E604C3C928895FCC004A718B /* SwiftFlutterCalculatorTests.xctest */ = {isa = PBXFileReference; explicitFileType = wrapper.cfbundle; includeInIndex = 0; path = SwiftFlutterCalculatorTests.xctest; sourceTree = BUILT_PRODUCTS_DIR; };
		E604C3CD28895FCC004A718B /* SwiftFlutterCalculatorTests.swift */ = {isa = PBXFileReference; lastKnownFileType = sourcecode.swift; path = SwiftFlutterCalculatorTests.swift; sourceTree = "<group>"; };
		E604C3D328895FCC004A718B /* SwiftFlutterCalculatorUITests.xctest */ = {isa = PBXFileReference; explicitFileType = wrapper.cfbundle; includeInIndex = 0; path = SwiftFlutterCalculatorUITests.xctest; sourceTree = BUILT_PRODUCTS_DIR; };
		E604C3D728895FCC004A718B /* SwiftFlutterCalculatorUITests.swift */ = {isa = PBXFileReference; lastKnownFileType = sourcecode.swift; path = SwiftFlutterCalculatorUITests.swift; sourceTree = "<group>"; };
		E604C3D928895FCC004A718B /* SwiftFlutterCalculatorUITestsLaunchTests.swift */ = {isa = PBXFileReference; lastKnownFileType = sourcecode.swift; path = SwiftFlutterCalculatorUITestsLaunchTests.swift; sourceTree = "<group>"; };
		E66834F1288A89E200116EAE /* SwiftFlutterCalculator */ = {isa = PBXFileReference; lastKnownFileType = folder; path = SwiftFlutterCalculator; sourceTree = "<group>"; };
		E66834F3288A8A6900116EAE /* Info-Release.plist */ = {isa = PBXFileReference; fileEncoding = 4; lastKnownFileType = text.plist.xml; path = "Info-Release.plist"; sourceTree = "<group>"; };
/* End PBXFileReference section */

/* Begin PBXFrameworksBuildPhase section */
		E604C3B028895FCA004A718B /* Frameworks */ = {
			isa = PBXFrameworksBuildPhase;
			buildActionMask = 2147483647;
			files = (
				E62966BB289131BC008BF00B /* Pods_SwiftFlutterCalculator.framework in Frameworks */,
			);
			runOnlyForDeploymentPostprocessing = 0;
		};
		E604C3C628895FCC004A718B /* Frameworks */ = {
			isa = PBXFrameworksBuildPhase;
			buildActionMask = 2147483647;
			files = (
				A44C8F7667E17FA1048FC2FB /* Pods_SwiftFlutterCalculatorTests.framework in Frameworks */,
			);
			runOnlyForDeploymentPostprocessing = 0;
		};
		E604C3D028895FCC004A718B /* Frameworks */ = {
			isa = PBXFrameworksBuildPhase;
			buildActionMask = 2147483647;
			files = (
				7E6D3AC322E44AF85EAA2422 /* Pods_SwiftFlutterCalculator_SwiftFlutterCalculatorUITests.framework in Frameworks */,
			);
			runOnlyForDeploymentPostprocessing = 0;
		};
/* End PBXFrameworksBuildPhase section */

/* Begin PBXGroup section */
		16F12A9A9EDE6F6E71ACD8A4 /* Pods */ = {
			isa = PBXGroup;
			children = (
				B48D83C47B04564E59B1553C /* Pods-SwiftFlutterCalculator.debug.xcconfig */,
				A69E4789D0CA28ED84983467 /* Pods-SwiftFlutterCalculator.release.xcconfig */,
				3BA4595A413E754604572835 /* Pods-SwiftFlutterCalculator-SwiftFlutterCalculatorUITests.debug.xcconfig */,
				54BA1A0A314ECCE3B377002D /* Pods-SwiftFlutterCalculator-SwiftFlutterCalculatorUITests.release.xcconfig */,
				1C94B27ADD932C9811EDB1E7 /* Pods-SwiftFlutterCalculatorTests.debug.xcconfig */,
				228F2E2E9A03EC6910496577 /* Pods-SwiftFlutterCalculatorTests.release.xcconfig */,
			);
			path = Pods;
			sourceTree = "<group>";
		};
		2E6867044AC8EF35818B296C /* Frameworks */ = {
			isa = PBXGroup;
			children = (
				97B0F1BE207C2F9B8D2B7267 /* Pods_SwiftFlutterCalculator.framework */,
				A08AF2419062AB788CAA29AF /* Pods_SwiftFlutterCalculator_SwiftFlutterCalculatorUITests.framework */,
				C0ADBCB24D56C411A27E26AA /* Pods_SwiftFlutterCalculatorTests.framework */,
			);
			name = Frameworks;
			sourceTree = "<group>";
		};
		E604C3AA28895FCA004A718B = {
			isa = PBXGroup;
			children = (
				E604C3B528895FCA004A718B /* SwiftFlutterCalculator */,
				E604C3CC28895FCC004A718B /* SwiftFlutterCalculatorTests */,
				E604C3D628895FCC004A718B /* SwiftFlutterCalculatorUITests */,
				E604C3B428895FCA004A718B /* Products */,
				16F12A9A9EDE6F6E71ACD8A4 /* Pods */,
				2E6867044AC8EF35818B296C /* Frameworks */,
			);
			sourceTree = "<group>";
		};
		E604C3B428895FCA004A718B /* Products */ = {
			isa = PBXGroup;
			children = (
				E604C3B328895FCA004A718B /* SwiftFlutterCalculator.app */,
				E604C3C928895FCC004A718B /* SwiftFlutterCalculatorTests.xctest */,
				E604C3D328895FCC004A718B /* SwiftFlutterCalculatorUITests.xctest */,
			);
			name = Products;
			sourceTree = "<group>";
		};
		E604C3B528895FCA004A718B /* SwiftFlutterCalculator */ = {
			isa = PBXGroup;
			children = (
				E604C3B628895FCA004A718B /* AppDelegate.swift */,
				E604C3B828895FCA004A718B /* SceneDelegate.swift */,
				E604C3BA28895FCA004A718B /* ViewController.swift */,
				E604C3BC28895FCA004A718B /* Main.storyboard */,
				E604C3BF28895FCC004A718B /* Assets.xcassets */,
				E604C3C128895FCC004A718B /* LaunchScreen.storyboard */,
				E604C3C428895FCC004A718B /* Info-Debug.plist */,
				E66834F3288A8A6900116EAE /* Info-Release.plist */,
				E66834F1288A89E200116EAE /* SwiftFlutterCalculator */,
			);
			path = SwiftFlutterCalculator;
			sourceTree = "<group>";
		};
		E604C3CC28895FCC004A718B /* SwiftFlutterCalculatorTests */ = {
			isa = PBXGroup;
			children = (
				E604C3CD28895FCC004A718B /* SwiftFlutterCalculatorTests.swift */,
			);
			path = SwiftFlutterCalculatorTests;
			sourceTree = "<group>";
		};
		E604C3D628895FCC004A718B /* SwiftFlutterCalculatorUITests */ = {
			isa = PBXGroup;
			children = (
				E604C3D728895FCC004A718B /* SwiftFlutterCalculatorUITests.swift */,
				E604C3D928895FCC004A718B /* SwiftFlutterCalculatorUITestsLaunchTests.swift */,
			);
			path = SwiftFlutterCalculatorUITests;
			sourceTree = "<group>";
		};
/* End PBXGroup section */

/* Begin PBXNativeTarget section */
		E604C3B228895FCA004A718B /* SwiftFlutterCalculator */ = {
			isa = PBXNativeTarget;
			buildConfigurationList = E604C3DD28895FCC004A718B /* Build configuration list for PBXNativeTarget "SwiftFlutterCalculator" */;
			buildPhases = (
				38CEE2409F84983658C3913F /* [CP] Check Pods Manifest.lock */,
				4388FCFC411DB4863FB200E6 /* [CP-User] Run Flutter Build calculator_flutter Script */,
				E604C3AF28895FCA004A718B /* Sources */,
				E604C3B028895FCA004A718B /* Frameworks */,
				E604C3B128895FCA004A718B /* Resources */,
				CD1E5F84A913C260ABDB3663 /* [CP] Embed Pods Frameworks */,
			);
			buildRules = (
			);
			dependencies = (
			);
			name = SwiftFlutterCalculator;
			productName = SwiftFlutterCalculator;
			productReference = E604C3B328895FCA004A718B /* SwiftFlutterCalculator.app */;
			productType = "com.apple.product-type.application";
		};
		E604C3C828895FCC004A718B /* SwiftFlutterCalculatorTests */ = {
			isa = PBXNativeTarget;
			buildConfigurationList = E604C3E028895FCC004A718B /* Build configuration list for PBXNativeTarget "SwiftFlutterCalculatorTests" */;
			buildPhases = (
				57E3E482A1EFC9BC4F513CFB /* [CP] Check Pods Manifest.lock */,
				E604C3C528895FCC004A718B /* Sources */,
				E604C3C628895FCC004A718B /* Frameworks */,
				E604C3C728895FCC004A718B /* Resources */,
			);
			buildRules = (
			);
			dependencies = (
				E604C3CB28895FCC004A718B /* PBXTargetDependency */,
			);
			name = SwiftFlutterCalculatorTests;
			productName = SwiftFlutterCalculatorTests;
			productReference = E604C3C928895FCC004A718B /* SwiftFlutterCalculatorTests.xctest */;
			productType = "com.apple.product-type.bundle.unit-test";
		};
		E604C3D228895FCC004A718B /* SwiftFlutterCalculatorUITests */ = {
			isa = PBXNativeTarget;
			buildConfigurationList = E604C3E328895FCC004A718B /* Build configuration list for PBXNativeTarget "SwiftFlutterCalculatorUITests" */;
			buildPhases = (
				63813BB45CE8E9C58DB85008 /* [CP] Check Pods Manifest.lock */,
				E604C3CF28895FCC004A718B /* Sources */,
				E604C3D028895FCC004A718B /* Frameworks */,
				E604C3D128895FCC004A718B /* Resources */,
				CD1B988B99C66D98B607EE51 /* [CP] Embed Pods Frameworks */,
			);
			buildRules = (
			);
			dependencies = (
				E604C3D528895FCC004A718B /* PBXTargetDependency */,
			);
			name = SwiftFlutterCalculatorUITests;
			productName = SwiftFlutterCalculatorUITests;
			productReference = E604C3D328895FCC004A718B /* SwiftFlutterCalculatorUITests.xctest */;
			productType = "com.apple.product-type.bundle.ui-testing";
		};
/* End PBXNativeTarget section */

/* Begin PBXProject section */
		E604C3AB28895FCA004A718B /* Project object */ = {
			isa = PBXProject;
			attributes = {
				BuildIndependentTargetsInParallel = 1;
				LastSwiftUpdateCheck = 1340;
				LastUpgradeCheck = 1340;
				TargetAttributes = {
					E604C3B228895FCA004A718B = {
						CreatedOnToolsVersion = 13.4.1;
					};
					E604C3C828895FCC004A718B = {
						CreatedOnToolsVersion = 13.4.1;
						TestTargetID = E604C3B228895FCA004A718B;
					};
					E604C3D228895FCC004A718B = {
						CreatedOnToolsVersion = 13.4.1;
						TestTargetID = E604C3B228895FCA004A718B;
					};
				};
			};
			buildConfigurationList = E604C3AE28895FCA004A718B /* Build configuration list for PBXProject "SwiftFlutterCalculator" */;
			compatibilityVersion = "Xcode 13.0";
			developmentRegion = en;
			hasScannedForEncodings = 0;
			knownRegions = (
				en,
				Base,
			);
			mainGroup = E604C3AA28895FCA004A718B;
			productRefGroup = E604C3B428895FCA004A718B /* Products */;
			projectDirPath = "";
			projectRoot = "";
			targets = (
				E604C3B228895FCA004A718B /* SwiftFlutterCalculator */,
				E604C3C828895FCC004A718B /* SwiftFlutterCalculatorTests */,
				E604C3D228895FCC004A718B /* SwiftFlutterCalculatorUITests */,
			);
		};
/* End PBXProject section */

/* Begin PBXResourcesBuildPhase section */
		E604C3B128895FCA004A718B /* Resources */ = {
			isa = PBXResourcesBuildPhase;
			buildActionMask = 2147483647;
			files = (
				E604C3C328895FCC004A718B /* LaunchScreen.storyboard in Resources */,
				E604C3C028895FCC004A718B /* Assets.xcassets in Resources */,
				E604C3BE28895FCA004A718B /* Main.storyboard in Resources */,
			);
			runOnlyForDeploymentPostprocessing = 0;
		};
		E604C3C728895FCC004A718B /* Resources */ = {
			isa = PBXResourcesBuildPhase;
			buildActionMask = 2147483647;
			files = (
			);
			runOnlyForDeploymentPostprocessing = 0;
		};
		E604C3D128895FCC004A718B /* Resources */ = {
			isa = PBXResourcesBuildPhase;
			buildActionMask = 2147483647;
			files = (
			);
			runOnlyForDeploymentPostprocessing = 0;
		};
/* End PBXResourcesBuildPhase section */

/* Begin PBXShellScriptBuildPhase section */
		38CEE2409F84983658C3913F /* [CP] Check Pods Manifest.lock */ = {
			isa = PBXShellScriptBuildPhase;
			buildActionMask = 2147483647;
			files = (
			);
			inputFileListPaths = (
			);
			inputPaths = (
				"${PODS_PODFILE_DIR_PATH}/Podfile.lock",
				"${PODS_ROOT}/Manifest.lock",
			);
			name = "[CP] Check Pods Manifest.lock";
			outputFileListPaths = (
			);
			outputPaths = (
				"$(DERIVED_FILE_DIR)/Pods-SwiftFlutterCalculator-checkManifestLockResult.txt",
			);
			runOnlyForDeploymentPostprocessing = 0;
			shellPath = /bin/sh;
			shellScript = "diff \"${PODS_PODFILE_DIR_PATH}/Podfile.lock\" \"${PODS_ROOT}/Manifest.lock\" > /dev/null\nif [ $? != 0 ] ; then\n    # print error to STDERR\n    echo \"error: The sandbox is not in sync with the Podfile.lock. Run 'pod install' or update your CocoaPods installation.\" >&2\n    exit 1\nfi\n# This output is used by Xcode 'outputs' to avoid re-running this script phase.\necho \"SUCCESS\" > \"${SCRIPT_OUTPUT_FILE_0}\"\n";
			showEnvVarsInLog = 0;
		};
		4388FCFC411DB4863FB200E6 /* [CP-User] Run Flutter Build calculator_flutter Script */ = {
			isa = PBXShellScriptBuildPhase;
			buildActionMask = 2147483647;
			files = (
			);
			name = "[CP-User] Run Flutter Build calculator_flutter Script";
			runOnlyForDeploymentPostprocessing = 0;
			shellPath = /bin/sh;
			shellScript = "set -e\nset -u\nsource \"${SRCROOT}/../calculator_new/.ios/Flutter/flutter_export_environment.sh\"\nexport VERBOSE_SCRIPT_LOGGING=1 && \"$FLUTTER_ROOT\"/packages/flutter_tools/bin/xcode_backend.sh build\n";
		};
		57E3E482A1EFC9BC4F513CFB /* [CP] Check Pods Manifest.lock */ = {
			isa = PBXShellScriptBuildPhase;
			buildActionMask = 2147483647;
			files = (
			);
			inputFileListPaths = (
			);
			inputPaths = (
				"${PODS_PODFILE_DIR_PATH}/Podfile.lock",
				"${PODS_ROOT}/Manifest.lock",
			);
			name = "[CP] Check Pods Manifest.lock";
			outputFileListPaths = (
			);
			outputPaths = (
				"$(DERIVED_FILE_DIR)/Pods-SwiftFlutterCalculatorTests-checkManifestLockResult.txt",
			);
			runOnlyForDeploymentPostprocessing = 0;
			shellPath = /bin/sh;
			shellScript = "diff \"${PODS_PODFILE_DIR_PATH}/Podfile.lock\" \"${PODS_ROOT}/Manifest.lock\" > /dev/null\nif [ $? != 0 ] ; then\n    # print error to STDERR\n    echo \"error: The sandbox is not in sync with the Podfile.lock. Run 'pod install' or update your CocoaPods installation.\" >&2\n    exit 1\nfi\n# This output is used by Xcode 'outputs' to avoid re-running this script phase.\necho \"SUCCESS\" > \"${SCRIPT_OUTPUT_FILE_0}\"\n";
			showEnvVarsInLog = 0;
		};
		63813BB45CE8E9C58DB85008 /* [CP] Check Pods Manifest.lock */ = {
			isa = PBXShellScriptBuildPhase;
			buildActionMask = 2147483647;
			files = (
			);
			inputFileListPaths = (
			);
			inputPaths = (
				"${PODS_PODFILE_DIR_PATH}/Podfile.lock",
				"${PODS_ROOT}/Manifest.lock",
			);
			name = "[CP] Check Pods Manifest.lock";
			outputFileListPaths = (
			);
			outputPaths = (
				"$(DERIVED_FILE_DIR)/Pods-SwiftFlutterCalculator-SwiftFlutterCalculatorUITests-checkManifestLockResult.txt",
			);
			runOnlyForDeploymentPostprocessing = 0;
			shellPath = /bin/sh;
			shellScript = "diff \"${PODS_PODFILE_DIR_PATH}/Podfile.lock\" \"${PODS_ROOT}/Manifest.lock\" > /dev/null\nif [ $? != 0 ] ; then\n    # print error to STDERR\n    echo \"error: The sandbox is not in sync with the Podfile.lock. Run 'pod install' or update your CocoaPods installation.\" >&2\n    exit 1\nfi\n# This output is used by Xcode 'outputs' to avoid re-running this script phase.\necho \"SUCCESS\" > \"${SCRIPT_OUTPUT_FILE_0}\"\n";
			showEnvVarsInLog = 0;
		};
		CD1B988B99C66D98B607EE51 /* [CP] Embed Pods Frameworks */ = {
			isa = PBXShellScriptBuildPhase;
			buildActionMask = 2147483647;
			files = (
			);
			inputFileListPaths = (
				"${PODS_ROOT}/Target Support Files/Pods-SwiftFlutterCalculator-SwiftFlutterCalculatorUITests/Pods-SwiftFlutterCalculator-SwiftFlutterCalculatorUITests-frameworks-${CONFIGURATION}-input-files.xcfilelist",
			);
			name = "[CP] Embed Pods Frameworks";
			outputFileListPaths = (
				"${PODS_ROOT}/Target Support Files/Pods-SwiftFlutterCalculator-SwiftFlutterCalculatorUITests/Pods-SwiftFlutterCalculator-SwiftFlutterCalculatorUITests-frameworks-${CONFIGURATION}-output-files.xcfilelist",
			);
			runOnlyForDeploymentPostprocessing = 0;
			shellPath = /bin/sh;
			shellScript = "\"${PODS_ROOT}/Target Support Files/Pods-SwiftFlutterCalculator-SwiftFlutterCalculatorUITests/Pods-SwiftFlutterCalculator-SwiftFlutterCalculatorUITests-frameworks.sh\"\n";
			showEnvVarsInLog = 0;
		};
		CD1E5F84A913C260ABDB3663 /* [CP] Embed Pods Frameworks */ = {
			isa = PBXShellScriptBuildPhase;
			buildActionMask = 2147483647;
			files = (
			);
			inputFileListPaths = (
				"${PODS_ROOT}/Target Support Files/Pods-SwiftFlutterCalculator/Pods-SwiftFlutterCalculator-frameworks-${CONFIGURATION}-input-files.xcfilelist",
			);
			name = "[CP] Embed Pods Frameworks";
			outputFileListPaths = (
				"${PODS_ROOT}/Target Support Files/Pods-SwiftFlutterCalculator/Pods-SwiftFlutterCalculator-frameworks-${CONFIGURATION}-output-files.xcfilelist",
			);
			runOnlyForDeploymentPostprocessing = 0;
			shellPath = /bin/sh;
			shellScript = "\"${PODS_ROOT}/Target Support Files/Pods-SwiftFlutterCalculator/Pods-SwiftFlutterCalculator-frameworks.sh\"\n";
			showEnvVarsInLog = 0;
		};
/* End PBXShellScriptBuildPhase section */

/* Begin PBXSourcesBuildPhase section */
		E604C3AF28895FCA004A718B /* Sources */ = {
			isa = PBXSourcesBuildPhase;
			buildActionMask = 2147483647;
			files = (
				E604C3BB28895FCA004A718B /* ViewController.swift in Sources */,
				E604C3B728895FCA004A718B /* AppDelegate.swift in Sources */,
				E604C3B928895FCA004A718B /* SceneDelegate.swift in Sources */,
			);
			runOnlyForDeploymentPostprocessing = 0;
		};
		E604C3C528895FCC004A718B /* Sources */ = {
			isa = PBXSourcesBuildPhase;
			buildActionMask = 2147483647;
			files = (
				E604C3CE28895FCC004A718B /* SwiftFlutterCalculatorTests.swift in Sources */,
			);
			runOnlyForDeploymentPostprocessing = 0;
		};
		E604C3CF28895FCC004A718B /* Sources */ = {
			isa = PBXSourcesBuildPhase;
			buildActionMask = 2147483647;
			files = (
				E604C3D828895FCC004A718B /* SwiftFlutterCalculatorUITests.swift in Sources */,
				E604C3DA28895FCC004A718B /* SwiftFlutterCalculatorUITestsLaunchTests.swift in Sources */,
			);
			runOnlyForDeploymentPostprocessing = 0;
		};
/* End PBXSourcesBuildPhase section */

/* Begin PBXTargetDependency section */
		E604C3CB28895FCC004A718B /* PBXTargetDependency */ = {
			isa = PBXTargetDependency;
			target = E604C3B228895FCA004A718B /* SwiftFlutterCalculator */;
			targetProxy = E604C3CA28895FCC004A718B /* PBXContainerItemProxy */;
		};
		E604C3D528895FCC004A718B /* PBXTargetDependency */ = {
			isa = PBXTargetDependency;
			target = E604C3B228895FCA004A718B /* SwiftFlutterCalculator */;
			targetProxy = E604C3D428895FCC004A718B /* PBXContainerItemProxy */;
		};
/* End PBXTargetDependency section */

/* Begin PBXVariantGroup section */
		E604C3BC28895FCA004A718B /* Main.storyboard */ = {
			isa = PBXVariantGroup;
			children = (
				E604C3BD28895FCA004A718B /* Base */,
			);
			name = Main.storyboard;
			sourceTree = "<group>";
		};
		E604C3C128895FCC004A718B /* LaunchScreen.storyboard */ = {
			isa = PBXVariantGroup;
			children = (
				E604C3C228895FCC004A718B /* Base */,
			);
			name = LaunchScreen.storyboard;
			sourceTree = "<group>";
		};
/* End PBXVariantGroup section */

/* Begin XCBuildConfiguration section */
		E604C3DB28895FCC004A718B /* Debug */ = {
			isa = XCBuildConfiguration;
			buildSettings = {
				ALWAYS_SEARCH_USER_PATHS = NO;
				CLANG_ANALYZER_NONNULL = YES;
				CLANG_ANALYZER_NUMBER_OBJECT_CONVERSION = YES_AGGRESSIVE;
				CLANG_CXX_LANGUAGE_STANDARD = "gnu++17";
				CLANG_ENABLE_MODULES = YES;
				CLANG_ENABLE_OBJC_ARC = YES;
				CLANG_ENABLE_OBJC_WEAK = YES;
				CLANG_WARN_BLOCK_CAPTURE_AUTORELEASING = YES;
				CLANG_WARN_BOOL_CONVERSION = YES;
				CLANG_WARN_COMMA = YES;
				CLANG_WARN_CONSTANT_CONVERSION = YES;
				CLANG_WARN_DEPRECATED_OBJC_IMPLEMENTATIONS = YES;
				CLANG_WARN_DIRECT_OBJC_ISA_USAGE = YES_ERROR;
				CLANG_WARN_DOCUMENTATION_COMMENTS = YES;
				CLANG_WARN_EMPTY_BODY = YES;
				CLANG_WARN_ENUM_CONVERSION = YES;
				CLANG_WARN_INFINITE_RECURSION = YES;
				CLANG_WARN_INT_CONVERSION = YES;
				CLANG_WARN_NON_LITERAL_NULL_CONVERSION = YES;
				CLANG_WARN_OBJC_IMPLICIT_RETAIN_SELF = YES;
				CLANG_WARN_OBJC_LITERAL_CONVERSION = YES;
				CLANG_WARN_OBJC_ROOT_CLASS = YES_ERROR;
				CLANG_WARN_QUOTED_INCLUDE_IN_FRAMEWORK_HEADER = YES;
				CLANG_WARN_RANGE_LOOP_ANALYSIS = YES;
				CLANG_WARN_STRICT_PROTOTYPES = YES;
				CLANG_WARN_SUSPICIOUS_MOVE = YES;
				CLANG_WARN_UNGUARDED_AVAILABILITY = YES_AGGRESSIVE;
				CLANG_WARN_UNREACHABLE_CODE = YES;
				CLANG_WARN__DUPLICATE_METHOD_MATCH = YES;
				COPY_PHASE_STRIP = NO;
				DEBUG_INFORMATION_FORMAT = dwarf;
				ENABLE_STRICT_OBJC_MSGSEND = YES;
				ENABLE_TESTABILITY = YES;
				GCC_C_LANGUAGE_STANDARD = gnu11;
				GCC_DYNAMIC_NO_PIC = NO;
				GCC_NO_COMMON_BLOCKS = YES;
				GCC_OPTIMIZATION_LEVEL = 0;
				GCC_PREPROCESSOR_DEFINITIONS = (
					"DEBUG=1",
					"$(inherited)",
				);
				GCC_WARN_64_TO_32_BIT_CONVERSION = YES;
				GCC_WARN_ABOUT_RETURN_TYPE = YES_ERROR;
				GCC_WARN_UNDECLARED_SELECTOR = YES;
				GCC_WARN_UNINITIALIZED_AUTOS = YES_AGGRESSIVE;
				GCC_WARN_UNUSED_FUNCTION = YES;
				GCC_WARN_UNUSED_VARIABLE = YES;
				IPHONEOS_DEPLOYMENT_TARGET = 13.0;
				MTL_ENABLE_DEBUG_INFO = INCLUDE_SOURCE;
				MTL_FAST_MATH = YES;
				ONLY_ACTIVE_ARCH = YES;
				SDKROOT = iphoneos;
				SWIFT_ACTIVE_COMPILATION_CONDITIONS = DEBUG;
				SWIFT_OPTIMIZATION_LEVEL = "-Onone";
			};
			name = Debug;
		};
		E604C3DC28895FCC004A718B /* Release */ = {
			isa = XCBuildConfiguration;
			buildSettings = {
				ALWAYS_SEARCH_USER_PATHS = NO;
				CLANG_ANALYZER_NONNULL = YES;
				CLANG_ANALYZER_NUMBER_OBJECT_CONVERSION = YES_AGGRESSIVE;
				CLANG_CXX_LANGUAGE_STANDARD = "gnu++17";
				CLANG_ENABLE_MODULES = YES;
				CLANG_ENABLE_OBJC_ARC = YES;
				CLANG_ENABLE_OBJC_WEAK = YES;
				CLANG_WARN_BLOCK_CAPTURE_AUTORELEASING = YES;
				CLANG_WARN_BOOL_CONVERSION = YES;
				CLANG_WARN_COMMA = YES;
				CLANG_WARN_CONSTANT_CONVERSION = YES;
				CLANG_WARN_DEPRECATED_OBJC_IMPLEMENTATIONS = YES;
				CLANG_WARN_DIRECT_OBJC_ISA_USAGE = YES_ERROR;
				CLANG_WARN_DOCUMENTATION_COMMENTS = YES;
				CLANG_WARN_EMPTY_BODY = YES;
				CLANG_WARN_ENUM_CONVERSION = YES;
				CLANG_WARN_INFINITE_RECURSION = YES;
				CLANG_WARN_INT_CONVERSION = YES;
				CLANG_WARN_NON_LITERAL_NULL_CONVERSION = YES;
				CLANG_WARN_OBJC_IMPLICIT_RETAIN_SELF = YES;
				CLANG_WARN_OBJC_LITERAL_CONVERSION = YES;
				CLANG_WARN_OBJC_ROOT_CLASS = YES_ERROR;
				CLANG_WARN_QUOTED_INCLUDE_IN_FRAMEWORK_HEADER = YES;
				CLANG_WARN_RANGE_LOOP_ANALYSIS = YES;
				CLANG_WARN_STRICT_PROTOTYPES = YES;
				CLANG_WARN_SUSPICIOUS_MOVE = YES;
				CLANG_WARN_UNGUARDED_AVAILABILITY = YES_AGGRESSIVE;
				CLANG_WARN_UNREACHABLE_CODE = YES;
				CLANG_WARN__DUPLICATE_METHOD_MATCH = YES;
				COPY_PHASE_STRIP = NO;
				DEBUG_INFORMATION_FORMAT = "dwarf-with-dsym";
				ENABLE_NS_ASSERTIONS = NO;
				ENABLE_STRICT_OBJC_MSGSEND = YES;
				GCC_C_LANGUAGE_STANDARD = gnu11;
				GCC_NO_COMMON_BLOCKS = YES;
				GCC_WARN_64_TO_32_BIT_CONVERSION = YES;
				GCC_WARN_ABOUT_RETURN_TYPE = YES_ERROR;
				GCC_WARN_UNDECLARED_SELECTOR = YES;
				GCC_WARN_UNINITIALIZED_AUTOS = YES_AGGRESSIVE;
				GCC_WARN_UNUSED_FUNCTION = YES;
				GCC_WARN_UNUSED_VARIABLE = YES;
				IPHONEOS_DEPLOYMENT_TARGET = 13.0;
				MTL_ENABLE_DEBUG_INFO = NO;
				MTL_FAST_MATH = YES;
				SDKROOT = iphoneos;
				SWIFT_COMPILATION_MODE = wholemodule;
				SWIFT_OPTIMIZATION_LEVEL = "-O";
				VALIDATE_PRODUCT = YES;
			};
			name = Release;
		};
		E604C3DE28895FCC004A718B /* Debug */ = {
			isa = XCBuildConfiguration;
			baseConfigurationReference = B48D83C47B04564E59B1553C /* Pods-SwiftFlutterCalculator.debug.xcconfig */;
			buildSettings = {
				ASSETCATALOG_COMPILER_APPICON_NAME = AppIcon;
				ASSETCATALOG_COMPILER_GLOBAL_ACCENT_COLOR_NAME = AccentColor;
				CODE_SIGN_STYLE = Automatic;
				CURRENT_PROJECT_VERSION = 1;
				DEVELOPMENT_TEAM = BCZRVBTM4G;
				ENABLE_BITCODE = YES;
				GENERATE_INFOPLIST_FILE = YES;
				INFOPLIST_FILE = "SwiftFlutterCalculator/Info-$(CONFIGURATION).plist";
				INFOPLIST_KEY_UIApplicationSupportsIndirectInputEvents = YES;
				INFOPLIST_KEY_UILaunchStoryboardName = LaunchScreen;
				INFOPLIST_KEY_UIMainStoryboardFile = Main;
				INFOPLIST_KEY_UISupportedInterfaceOrientations_iPad = "UIInterfaceOrientationPortrait UIInterfaceOrientationPortraitUpsideDown UIInterfaceOrientationLandscapeLeft UIInterfaceOrientationLandscapeRight";
				INFOPLIST_KEY_UISupportedInterfaceOrientations_iPhone = "UIInterfaceOrientationPortrait UIInterfaceOrientationLandscapeLeft UIInterfaceOrientationLandscapeRight";
				IPHONEOS_DEPLOYMENT_TARGET = 13.0;
				LD_RUNPATH_SEARCH_PATHS = (
					"$(inherited)",
					"@executable_path/Frameworks",
				);
				MARKETING_VERSION = 1.0;
				PRODUCT_BUNDLE_IDENTIFIER = com.karinlim.SwiftFlutterCalculator;
				PRODUCT_NAME = "$(TARGET_NAME)";
				SWIFT_EMIT_LOC_STRINGS = YES;
				SWIFT_VERSION = 5.0;
				TARGETED_DEVICE_FAMILY = "1,2";
			};
			name = Debug;
		};
		E604C3DF28895FCC004A718B /* Release */ = {
			isa = XCBuildConfiguration;
			baseConfigurationReference = A69E4789D0CA28ED84983467 /* Pods-SwiftFlutterCalculator.release.xcconfig */;
			buildSettings = {
				ASSETCATALOG_COMPILER_APPICON_NAME = AppIcon;
				ASSETCATALOG_COMPILER_GLOBAL_ACCENT_COLOR_NAME = AccentColor;
				CODE_SIGN_STYLE = Automatic;
				CURRENT_PROJECT_VERSION = 1;
				DEVELOPMENT_TEAM = BCZRVBTM4G;
				ENABLE_BITCODE = NO;
				GENERATE_INFOPLIST_FILE = YES;
				INFOPLIST_FILE = "SwiftFlutterCalculator/Info-$(CONFIGURATION).plist";
				INFOPLIST_KEY_UIApplicationSupportsIndirectInputEvents = YES;
				INFOPLIST_KEY_UILaunchStoryboardName = LaunchScreen;
				INFOPLIST_KEY_UIMainStoryboardFile = Main;
				INFOPLIST_KEY_UISupportedInterfaceOrientations_iPad = "UIInterfaceOrientationPortrait UIInterfaceOrientationPortraitUpsideDown UIInterfaceOrientationLandscapeLeft UIInterfaceOrientationLandscapeRight";
				INFOPLIST_KEY_UISupportedInterfaceOrientations_iPhone = "UIInterfaceOrientationPortrait UIInterfaceOrientationLandscapeLeft UIInterfaceOrientationLandscapeRight";
				IPHONEOS_DEPLOYMENT_TARGET = 13.0;
				LD_RUNPATH_SEARCH_PATHS = (
					"$(inherited)",
					"@executable_path/Frameworks",
				);
				MARKETING_VERSION = 1.0;
				PRODUCT_BUNDLE_IDENTIFIER = com.karinlim.SwiftFlutterCalculator;
				PRODUCT_NAME = "$(TARGET_NAME)";
				SWIFT_EMIT_LOC_STRINGS = YES;
				SWIFT_VERSION = 5.0;
				TARGETED_DEVICE_FAMILY = "1,2";
			};
			name = Release;
		};
		E604C3E128895FCC004A718B /* Debug */ = {
			isa = XCBuildConfiguration;
			baseConfigurationReference = 1C94B27ADD932C9811EDB1E7 /* Pods-SwiftFlutterCalculatorTests.debug.xcconfig */;
			buildSettings = {
				ALWAYS_EMBED_SWIFT_STANDARD_LIBRARIES = YES;
				BUNDLE_LOADER = "$(TEST_HOST)";
				CODE_SIGN_STYLE = Automatic;
				CURRENT_PROJECT_VERSION = 1;
				DEVELOPMENT_TEAM = BCZRVBTM4G;
				GENERATE_INFOPLIST_FILE = YES;
				IPHONEOS_DEPLOYMENT_TARGET = 15.5;
				MARKETING_VERSION = 1.0;
				PRODUCT_BUNDLE_IDENTIFIER = com.karinlim.SwiftFlutterCalculatorTests;
				PRODUCT_NAME = "$(TARGET_NAME)";
				SWIFT_EMIT_LOC_STRINGS = NO;
				SWIFT_VERSION = 5.0;
				TARGETED_DEVICE_FAMILY = "1,2";
				TEST_HOST = "$(BUILT_PRODUCTS_DIR)/SwiftFlutterCalculator.app/SwiftFlutterCalculator";
			};
			name = Debug;
		};
		E604C3E228895FCC004A718B /* Release */ = {
			isa = XCBuildConfiguration;
			baseConfigurationReference = 228F2E2E9A03EC6910496577 /* Pods-SwiftFlutterCalculatorTests.release.xcconfig */;
			buildSettings = {
				ALWAYS_EMBED_SWIFT_STANDARD_LIBRARIES = YES;
				BUNDLE_LOADER = "$(TEST_HOST)";
				CODE_SIGN_STYLE = Automatic;
				CURRENT_PROJECT_VERSION = 1;
				DEVELOPMENT_TEAM = BCZRVBTM4G;
				GENERATE_INFOPLIST_FILE = YES;
				IPHONEOS_DEPLOYMENT_TARGET = 15.5;
				MARKETING_VERSION = 1.0;
				PRODUCT_BUNDLE_IDENTIFIER = com.karinlim.SwiftFlutterCalculatorTests;
				PRODUCT_NAME = "$(TARGET_NAME)";
				SWIFT_EMIT_LOC_STRINGS = NO;
				SWIFT_VERSION = 5.0;
				TARGETED_DEVICE_FAMILY = "1,2";
				TEST_HOST = "$(BUILT_PRODUCTS_DIR)/SwiftFlutterCalculator.app/SwiftFlutterCalculator";
			};
			name = Release;
		};
		E604C3E428895FCC004A718B /* Debug */ = {
			isa = XCBuildConfiguration;
			baseConfigurationReference = 3BA4595A413E754604572835 /* Pods-SwiftFlutterCalculator-SwiftFlutterCalculatorUITests.debug.xcconfig */;
			buildSettings = {
				ALWAYS_EMBED_SWIFT_STANDARD_LIBRARIES = YES;
				CODE_SIGN_STYLE = Automatic;
				CURRENT_PROJECT_VERSION = 1;
				DEVELOPMENT_TEAM = BCZRVBTM4G;
				GENERATE_INFOPLIST_FILE = YES;
				MARKETING_VERSION = 1.0;
				PRODUCT_BUNDLE_IDENTIFIER = com.karinlim.SwiftFlutterCalculatorUITests;
				PRODUCT_NAME = "$(TARGET_NAME)";
				SWIFT_EMIT_LOC_STRINGS = NO;
				SWIFT_VERSION = 5.0;
				TARGETED_DEVICE_FAMILY = "1,2";
				TEST_TARGET_NAME = SwiftFlutterCalculator;
			};
			name = Debug;
		};
		E604C3E528895FCC004A718B /* Release */ = {
			isa = XCBuildConfiguration;
			baseConfigurationReference = 54BA1A0A314ECCE3B377002D /* Pods-SwiftFlutterCalculator-SwiftFlutterCalculatorUITests.release.xcconfig */;
			buildSettings = {
				ALWAYS_EMBED_SWIFT_STANDARD_LIBRARIES = YES;
				CODE_SIGN_STYLE = Automatic;
				CURRENT_PROJECT_VERSION = 1;
				DEVELOPMENT_TEAM = BCZRVBTM4G;
				GENERATE_INFOPLIST_FILE = YES;
				MARKETING_VERSION = 1.0;
				PRODUCT_BUNDLE_IDENTIFIER = com.karinlim.SwiftFlutterCalculatorUITests;
				PRODUCT_NAME = "$(TARGET_NAME)";
				SWIFT_EMIT_LOC_STRINGS = NO;
				SWIFT_VERSION = 5.0;
				TARGETED_DEVICE_FAMILY = "1,2";
				TEST_TARGET_NAME = SwiftFlutterCalculator;
			};
			name = Release;
		};
/* End XCBuildConfiguration section */

/* Begin XCConfigurationList section */
		E604C3AE28895FCA004A718B /* Build configuration list for PBXProject "SwiftFlutterCalculator" */ = {
			isa = XCConfigurationList;
			buildConfigurations = (
				E604C3DB28895FCC004A718B /* Debug */,
				E604C3DC28895FCC004A718B /* Release */,
			);
			defaultConfigurationIsVisible = 0;
			defaultConfigurationName = Release;
		};
		E604C3DD28895FCC004A718B /* Build configuration list for PBXNativeTarget "SwiftFlutterCalculator" */ = {
			isa = XCConfigurationList;
			buildConfigurations = (
				E604C3DE28895FCC004A718B /* Debug */,
				E604C3DF28895FCC004A718B /* Release */,
			);
			defaultConfigurationIsVisible = 0;
			defaultConfigurationName = Release;
		};
		E604C3E028895FCC004A718B /* Build configuration list for PBXNativeTarget "SwiftFlutterCalculatorTests" */ = {
			isa = XCConfigurationList;
			buildConfigurations = (
				E604C3E128895FCC004A718B /* Debug */,
				E604C3E228895FCC004A718B /* Release */,
			);
			defaultConfigurationIsVisible = 0;
			defaultConfigurationName = Release;
		};
		E604C3E328895FCC004A718B /* Build configuration list for PBXNativeTarget "SwiftFlutterCalculatorUITests" */ = {
			isa = XCConfigurationList;
			buildConfigurations = (
				E604C3E428895FCC004A718B /* Debug */,
				E604C3E528895FCC004A718B /* Release */,
			);
			defaultConfigurationIsVisible = 0;
			defaultConfigurationName = Release;
		};
/* End XCConfigurationList section */
	};
	rootObject = E604C3AB28895FCA004A718B /* Project object */;
}
